
Microsoft Visual Studio Solution File, Format Version 12.00
# Visual Studio Version 17
VisualStudioVersion = 17.1.32407.343
MinimumVisualStudioVersion = 10.0.40219.1
Project("{FAE04EC0-301F-11D3-BF4B-00C04F79EFBC}") = "BlueCollarEngine.API", "BlueCollarEngine.API.csproj", "{5CBB6089-9BAA-48D5-B9CE-A0E2094C112C}"
EndProject
Global
	GlobalSection(SolutionConfigurationPlatforms) = preSolution
		Debug|Any CPU = Debug|Any CPU
		Release|Any CPU = Release|Any CPU
	EndGlobalSection
	GlobalSection(ProjectConfigurationPlatforms) = postSolution
		{5CBB6089-9BAA-48D5-B9CE-A0E2094C112C}.Debug|Any CPU.ActiveCfg = Debug|Any CPU
		{5CBB6089-9BAA-48D5-B9CE-A0E2094C112C}.Debug|Any CPU.Build.0 = Debug|Any CPU
		{5CBB6089-9BAA-48D5-B9CE-A0E2094C112C}.Release|Any CPU.ActiveCfg = Release|Any CPU
		{5CBB6089-9BAA-48D5-B9CE-A0E2094C112C}.Release|Any CPU.Build.0 = Release|Any CPU
	EndGlobalSection
	GlobalSection(SolutionProperties) = preSolution
		HideSolutionNode = FALSE
	EndGlobalSection
	GlobalSection(ExtensibilityGlobals) = postSolution
		SolutionGuid = {868E6037-92AB-4B15-823B-FFE0E87BFFC9}
	EndGlobalSection
EndGlobal
